
Microsoft Visual Studio Solution File, Format Version 12.00
# Visual Studio 15
VisualStudioVersion = 15.0.27703.2047
MinimumVisualStudioVersion = 10.0.40219.1
Project("{FAE04EC0-301F-11D3-BF4B-00C04F79EFBC}") = "MHWSaveEditor", "MHWSaveEditor\MHWSaveEditor.csproj", "{FC561AEA-92F2-44B6-B321-8BE6ABA00D09}"
EndProject
Global
	GlobalSection(SolutionConfigurationPlatforms) = preSolution
		Debug|Any CPU = Debug|Any CPU
		Release|Any CPU = Release|Any CPU
	EndGlobalSection
	GlobalSection(ProjectConfigurationPlatforms) = postSolution
		{FC561AEA-92F2-44B6-B321-8BE6ABA00D09}.Debug|Any CPU.ActiveCfg = Debug|Any CPU
		{FC561AEA-92F2-44B6-B321-8BE6ABA00D09}.Debug|Any CPU.Build.0 = Debug|Any CPU
		{FC561AEA-92F2-44B6-B321-8BE6ABA00D09}.Release|Any CPU.ActiveCfg = Release|Any CPU
		{FC561AEA-92F2-44B6-B321-8BE6ABA00D09}.Release|Any CPU.Build.0 = Release|Any CPU
	EndGlobalSection
	GlobalSection(SolutionProperties) = preSolution
		HideSolutionNode = FALSE
	EndGlobalSection
	GlobalSection(ExtensibilityGlobals) = postSolution
		SolutionGuid = {D0DF7D2C-6225-4EC9-AE9C-EC9D88B3BC35}
	EndGlobalSection
EndGlobal
